# This file was autogenerated by Stack.
# You should not edit this file by hand.
# For more information, please see the documentation at:
#   https://docs.haskellstack.org/en/stable/lock_files

packages:
- completed:
    hackage: HGL-3.2.3.2@sha256:35922953927a1d68845c6446ff69952c5303412cee3e3a2d95c1449132f90eef,2116
    pantry-tree:
      size: 2189
      sha256: 746fa311ed17c9a300423cc8f54904a58fc5df99886d8fc2dacabf13c642125d
  original:
    hackage: HGL-3.2.3.2@sha256:35922953927a1d68845c6446ff69952c5303412cee3e3a2d95c1449132f90eef,2116
- completed:
    hackage: Yampa-0.12@sha256:0c49b51d6120b161e712fb9271377146b5d233a1d2b26615ce34926f67c54162,5006
    pantry-tree:
      size: 4779
      sha256: 5c0179c8ef892478538d1766221153c82d3addeac918866ee997f8de36fd6983
  original:
    hackage: Yampa-0.12@sha256:0c49b51d6120b161e712fb9271377146b5d233a1d2b26615ce34926f67c54162,5006
- completed:
    hackage: array-0.5.4.0@sha256:2b2425e01d592c0e66594c008405ea4c6f6e4d929daeddabbd81be9bb49ebffa,1588
    pantry-tree:
      size: 1135
      sha256: e17dfafde2f226674cffd56b1f445c332b6e5855860f79dedd9de0b6916e7ff0
  original:
    hackage: array-0.5.4.0@sha256:2b2425e01d592c0e66594c008405ea4c6f6e4d929daeddabbd81be9bb49ebffa,1588
- completed:
    hackage: containers-0.6.2.1@sha256:bbc3d2d5eef59a5d26383fb4b727c968390f2b6e9bd413d29aa875175bb16f8b,2460
    pantry-tree:
      size: 2823
      sha256: 5bb0af2da4e4cc5472a17063ecdbda8f1117e5f3509fcd600f2cbd7e2b760f49
  original:
    hackage: containers-0.6.2.1@sha256:bbc3d2d5eef59a5d26383fb4b727c968390f2b6e9bd413d29aa875175bb16f8b,2460
- completed:
    hackage: deepseq-1.4.4.0@sha256:76902b99ee97fc059311ddb0df9488c54969adf0a212efa39705981761f06b55,2918
    pantry-tree:
      size: 385
      sha256: edf7ecb1e7195bf2c1b595f462343b8a237351acf73e4d0e66e005fc5baa62f4
  original:
    hackage: deepseq-1.4.4.0@sha256:76902b99ee97fc059311ddb0df9488c54969adf0a212efa39705981761f06b55,2918
- completed:
    hackage: stm-2.5.0.0@sha256:c238075f9f0711cd6a78eab6001b3e218cdaa745d6377bf83cc21e58ceec2ea1,2100
    pantry-tree:
      size: 898
      sha256: 8ef9688d399f931a040d5d316ef8d40efacc14fcb099eba637adb7d00e75ecde
  original:
    hackage: stm-2.5.0.0@sha256:c238075f9f0711cd6a78eab6001b3e218cdaa745d6377bf83cc21e58ceec2ea1,2100
- completed:
    hackage: time-1.9.3@sha256:8f1b5448722a12a952248b356c9eb366e351226543d9086a2da71270522d5f45,5679
    pantry-tree:
      size: 6558
      sha256: a1043c1719491764f0fa37a1fd70d9451080548a41632fee88d8e1b8db4942d6
  original:
    hackage: time-1.9.3@sha256:8f1b5448722a12a952248b356c9eb366e351226543d9086a2da71270522d5f45,5679
snapshots:
- completed:
    size: 524162
    url: https://raw.githubusercontent.com/commercialhaskell/stackage-snapshots/master/lts/14/21.yaml
    sha256: 9a55dd75853718f2bbbe951872b36a3b7802fcd71796e0f25b8664f24e34c666
  original: lts-14.21
